
Microsoft Visual Studio Solution File, Format Version 12.00
# Visual Studio Version 17
VisualStudioVersion = 17.14.36518.9 d17.14
MinimumVisualStudioVersion = 10.0.40219.1
Project("{FAE04EC0-301F-11D3-BF4B-00C04F79EFBC}") = "str01", "str01.csproj", "{B3928CF5-1EF6-4915-9F0C-076F959461CC}"
EndProject
Global
	GlobalSection(SolutionConfigurationPlatforms) = preSolution
		Debug|Any CPU = Debug|Any CPU
		Release|Any CPU = Release|Any CPU
	EndGlobalSection
	GlobalSection(ProjectConfigurationPlatforms) = postSolution
		{B3928CF5-1EF6-4915-9F0C-076F959461CC}.Debug|Any CPU.ActiveCfg = Debug|Any CPU
		{B3928CF5-1EF6-4915-9F0C-076F959461CC}.Debug|Any CPU.Build.0 = Debug|Any CPU
		{B3928CF5-1EF6-4915-9F0C-076F959461CC}.Release|Any CPU.ActiveCfg = Release|Any CPU
		{B3928CF5-1EF6-4915-9F0C-076F959461CC}.Release|Any CPU.Build.0 = Release|Any CPU
	EndGlobalSection
	GlobalSection(SolutionProperties) = preSolution
		HideSolutionNode = FALSE
	EndGlobalSection
	GlobalSection(ExtensibilityGlobals) = postSolution
		SolutionGuid = {85B38708-40CB-46BB-9799-97077E1EB8D7}
	EndGlobalSection
EndGlobal
