
Microsoft Visual Studio Solution File, Format Version 12.00
# Visual Studio Version 17
VisualStudioVersion = 17.14.36518.9 d17.14
MinimumVisualStudioVersion = 10.0.40219.1
Project("{FAE04EC0-301F-11D3-BF4B-00C04F79EFBC}") = "prc2", "prc2.csproj", "{496D02D4-78F3-4E5E-9BD4-D9E4AEFC03C8}"
EndProject
Global
	GlobalSection(SolutionConfigurationPlatforms) = preSolution
		Debug|Any CPU = Debug|Any CPU
		Release|Any CPU = Release|Any CPU
	EndGlobalSection
	GlobalSection(ProjectConfigurationPlatforms) = postSolution
		{496D02D4-78F3-4E5E-9BD4-D9E4AEFC03C8}.Debug|Any CPU.ActiveCfg = Debug|Any CPU
		{496D02D4-78F3-4E5E-9BD4-D9E4AEFC03C8}.Debug|Any CPU.Build.0 = Debug|Any CPU
		{496D02D4-78F3-4E5E-9BD4-D9E4AEFC03C8}.Release|Any CPU.ActiveCfg = Release|Any CPU
		{496D02D4-78F3-4E5E-9BD4-D9E4AEFC03C8}.Release|Any CPU.Build.0 = Release|Any CPU
	EndGlobalSection
	GlobalSection(SolutionProperties) = preSolution
		HideSolutionNode = FALSE
	EndGlobalSection
	GlobalSection(ExtensibilityGlobals) = postSolution
		SolutionGuid = {0C2A268B-900E-4643-955A-DD1436111967}
	EndGlobalSection
EndGlobal
