
Microsoft Visual Studio Solution File, Format Version 12.00
# Visual Studio Version 17
VisualStudioVersion = 17.14.36414.22 d17.14
MinimumVisualStudioVersion = 10.0.40219.1
Project("{FAE04EC0-301F-11D3-BF4B-00C04F79EFBC}") = "linq0", "linq0.csproj", "{0DA3F15A-CBFE-469C-A194-3AA22535C600}"
EndProject
Global
	GlobalSection(SolutionConfigurationPlatforms) = preSolution
		Debug|Any CPU = Debug|Any CPU
		Release|Any CPU = Release|Any CPU
	EndGlobalSection
	GlobalSection(ProjectConfigurationPlatforms) = postSolution
		{0DA3F15A-CBFE-469C-A194-3AA22535C600}.Debug|Any CPU.ActiveCfg = Debug|Any CPU
		{0DA3F15A-CBFE-469C-A194-3AA22535C600}.Debug|Any CPU.Build.0 = Debug|Any CPU
		{0DA3F15A-CBFE-469C-A194-3AA22535C600}.Release|Any CPU.ActiveCfg = Release|Any CPU
		{0DA3F15A-CBFE-469C-A194-3AA22535C600}.Release|Any CPU.Build.0 = Release|Any CPU
	EndGlobalSection
	GlobalSection(SolutionProperties) = preSolution
		HideSolutionNode = FALSE
	EndGlobalSection
	GlobalSection(ExtensibilityGlobals) = postSolution
		SolutionGuid = {A1AF174B-E7F6-4D05-9DB3-5FA875FA5074}
	EndGlobalSection
EndGlobal
