
Microsoft Visual Studio Solution File, Format Version 12.00
# Visual Studio Version 17
VisualStudioVersion = 17.14.36414.22 d17.14
MinimumVisualStudioVersion = 10.0.40219.1
Project("{FAE04EC0-301F-11D3-BF4B-00C04F79EFBC}") = "conif-else", "conif-else.csproj", "{C2A0BED4-876A-45F0-B1B7-0010EEE7741B}"
EndProject
Global
	GlobalSection(SolutionConfigurationPlatforms) = preSolution
		Debug|Any CPU = Debug|Any CPU
		Release|Any CPU = Release|Any CPU
	EndGlobalSection
	GlobalSection(ProjectConfigurationPlatforms) = postSolution
		{C2A0BED4-876A-45F0-B1B7-0010EEE7741B}.Debug|Any CPU.ActiveCfg = Debug|Any CPU
		{C2A0BED4-876A-45F0-B1B7-0010EEE7741B}.Debug|Any CPU.Build.0 = Debug|Any CPU
		{C2A0BED4-876A-45F0-B1B7-0010EEE7741B}.Release|Any CPU.ActiveCfg = Release|Any CPU
		{C2A0BED4-876A-45F0-B1B7-0010EEE7741B}.Release|Any CPU.Build.0 = Release|Any CPU
	EndGlobalSection
	GlobalSection(SolutionProperties) = preSolution
		HideSolutionNode = FALSE
	EndGlobalSection
	GlobalSection(ExtensibilityGlobals) = postSolution
		SolutionGuid = {3CFA5CF8-6E97-466F-B773-78B7C232A1AD}
	EndGlobalSection
EndGlobal
